
Microsoft Visual Studio Solution File, Format Version 12.00
# Visual Studio 15
VisualStudioVersion = 15.0.27703.2018
MinimumVisualStudioVersion = 10.0.40219.1
Project("{9A19103F-16F7-4668-BE54-9A1E7A4F7556}") = "Obd2Test", "Obd2Test.csproj", "{D1124947-1D7D-4C0E-8EFF-3C258453DA47}"
EndProject
Global
	GlobalSection(SolutionConfigurationPlatforms) = preSolution
		Debug|Any CPU = Debug|Any CPU
		Release|Any CPU = Release|Any CPU
	EndGlobalSection
	GlobalSection(ProjectConfigurationPlatforms) = postSolution
		{D1124947-1D7D-4C0E-8EFF-3C258453DA47}.Debug|Any CPU.ActiveCfg = Debug|Any CPU
		{D1124947-1D7D-4C0E-8EFF-3C258453DA47}.Debug|Any CPU.Build.0 = Debug|Any CPU
		{D1124947-1D7D-4C0E-8EFF-3C258453DA47}.Release|Any CPU.ActiveCfg = Release|Any CPU
		{D1124947-1D7D-4C0E-8EFF-3C258453DA47}.Release|Any CPU.Build.0 = Release|Any CPU
	EndGlobalSection
	GlobalSection(SolutionProperties) = preSolution
		HideSolutionNode = FALSE
	EndGlobalSection
	GlobalSection(ExtensibilityGlobals) = postSolution
		SolutionGuid = {E9C9564E-8CA3-446B-B9AE-B2D4F9220DE5}
	EndGlobalSection
EndGlobal
